# This file is automatically @generated by Poetry 2.2.1 and should not be changed by hand.

[[package]]
name = "robotframework"
version = "7.3.2"
description = "Generic automation framework for acceptance testing and robotic process automation (RPA)"
optional = false
python-versions = ">=3.8"
groups = ["dev"]
files = [
    {file = "robotframework-7.3.2-py3-none-any.whl", hash = "sha256:14ef2afa905285cc073df6ce06d0cd3af4a113df6f815532718079e00c98cca4"},
    {file = "robotframework-7.3.2.tar.gz", hash = "sha256:3bb3e299831ecb1664f3d5082f6ff9f08ba82d61a745bef2227328ef3049e93a"},
]

[metadata]
lock-version = "2.1"
python-versions = "^3.12"
content-hash = "9386b82a224f8cd2ed7f7638a534f8cbf068b258dac911fe870ba4c08479d2de"
